<?xml version="1.0" encoding="utf-8"?>
<Project ToolsVersion="4.0" xmlns="http://schemas.microsoft.com/developer/msbuild/2003">
  <ItemGroup>
    <Filter Include="Source Files">
      <UniqueIdentifier>{4FC737F1-C7A5-4376-A066-2A32D752A2FF}</UniqueIdentifier>
      <Extensions>cpp;c;cc;cxx;c++;cppm;ixx;def;odl;idl;hpj;bat;asm;asmx</Extensions>
    </Filter>
    <Filter Include="Header Files">
      <UniqueIdentifier>{93995380-89BD-4b04-88EB-625FBE52EBFB}</UniqueIdentifier>
      <Extensions>h;hh;hpp;hxx;h++;hm;inl;inc;ipp;xsd</Extensions>
    </Filter>
    <Filter Include="Resource Files">
      <UniqueIdentifier>{67DA6AB6-F800-4c08-8B7A-83BB121AAD01}</UniqueIdentifier>
      <Extensions>rc;ico;cur;bmp;dlg;rc2;rct;bin;rgs;gif;jpg;jpeg;jpe;resx;tiff;tif;png;wav;mfcribbon-ms</Extensions>
    </Filter>
  </ItemGroup>
  <ItemGroup>
    <ClCompile Include="Source\main.cpp">
      <Filter>Source Files</Filter>
    </ClCompile>
    <ClCompile Include="Source\level_manager.cpp">
      <Filter>Source Files</Filter>
    </ClCompile>
    <ClCompile Include="Source\animation.cpp">
      <Filter>Source Files</Filter>
    </ClCompile>
    <ClCompile Include="Source\player.cpp">
      <Filter>Source Files</Filter>
    </ClCompile>
    <ClCompile Include="Source\enemy.cpp">
      <Filter>Source Files</Filter>
    </ClCompile>
    <ClCompile Include="Source\levels.cpp">
      <Filter>Source Files</Filter>
    </ClCompile>
    <ClCompile Include="Source\screen_effects.cpp">
      <Filter>Source Files</Filter>
    </ClCompile>
    <ClCompile Include="Source\enemy_knight.cpp">
      <Filter>Source Files</Filter>
    </ClCompile>
    <ClCompile Include="Source\enemy_skeleton.cpp">
      <Filter>Source Files</Filter>
    </ClCompile>
    <ClCompile Include="Source\enemy_necromancer.cpp">
      <Filter>Source Files</Filter>
    </ClCompile>
    <ClCompile Include="Source\enemy_manager.cpp">
      <Filter>Source Files</Filter>
    </ClCompile>
    <ClCompile Include="Source\background.cpp">
      <Filter>Source Files</Filter>
    </ClCompile>
    <ClCompile Include="Source\check_point.cpp">
      <Filter>Source Files</Filter>
    </ClCompile>
    <ClCompile Include="Source\misc_manager.cpp">
      <Filter>Source Files</Filter>
    </ClCompile>
    <ClCompile Include="Source\main_menu.cpp">
      <Filter>Source Files</Filter>
    </ClCompile>
    <ClCompile Include="Source\scene_manager.cpp">
      <Filter>Source Files</Filter>
    </ClCompile>
    <ClCompile Include="Source\game.cpp">
      <Filter>Source Files</Filter>
    </ClCompile>
    <ClCompile Include="Source\cutscene_manager.cpp">
      <Filter>Source Files</Filter>
    </ClCompile>
    <ClCompile Include="Source\cutscene.cpp">
      <Filter>Source Files</Filter>
    </ClCompile>
    <ClCompile Include="Source\dialogue.cpp">
      <Filter>Source Files</Filter>
    </ClCompile>
    <ClCompile Include="Source\grappling_point.cpp">
      <Filter>Source Files</Filter>
    </ClCompile>
    <ClCompile Include="Source\enemy_pyromancer.cpp">
      <Filter>Source Files</Filter>
    </ClCompile>
    <ClCompile Include="Source\enemy_statue.cpp">
      <Filter>Source Files</Filter>
    </ClCompile>
    <ClCompile Include="Source\enemy_pumpkin.cpp">
      <Filter>Source Files</Filter>
    </ClCompile>
    <ClCompile Include="Source\dart_trap_point.cpp">
      <Filter>Source Files</Filter>
    </ClCompile>
    <ClCompile Include="Source\background_object.cpp">
      <Filter>Source Files</Filter>
    </ClCompile>
    <ClCompile Include="Source\text_render.cpp">
      <Filter>Source Files</Filter>
    </ClCompile>
    <ClCompile Include="Source\tutorial_texts.cpp">
      <Filter>Source Files</Filter>
    </ClCompile>
    <ClCompile Include="Source\dark_mode.cpp">
      <Filter>Source Files</Filter>
    </ClCompile>
    <ClCompile Include="Source\hurt_block.cpp">
      <Filter>Source Files</Filter>
    </ClCompile>
    <ClCompile Include="Source\developer_scene.cpp">
      <Filter>Source Files</Filter>
    </ClCompile>
  </ItemGroup>
  <ItemGroup>
    <ClInclude Include="Source\player.h">
      <Filter>Header Files</Filter>
    </ClInclude>
    <ClInclude Include="Source\animation.h">
      <Filter>Header Files</Filter>
    </ClInclude>
    <ClInclude Include="Source\level_manager.h">
      <Filter>Header Files</Filter>
    </ClInclude>
    <ClInclude Include="Source\enemy.h">
      <Filter>Header Files</Filter>
    </ClInclude>
    <ClInclude Include="Source\entity.h">
      <Filter>Header Files</Filter>
    </ClInclude>
    <ClInclude Include="Source\levels.h">
      <Filter>Header Files</Filter>
    </ClInclude>
    <ClInclude Include="Source\screen_effects.h">
      <Filter>Header Files</Filter>
    </ClInclude>
    <ClInclude Include="Source\background.h">
      <Filter>Header Files</Filter>
    </ClInclude>
    <ClInclude Include="Source\enemy_knight.h">
      <Filter>Header Files</Filter>
    </ClInclude>
    <ClInclude Include="Source\enemy_skeleton.h">
      <Filter>Header Files</Filter>
    </ClInclude>
    <ClInclude Include="Source\enemy_necromancer.h">
      <Filter>Header Files</Filter>
    </ClInclude>
    <ClInclude Include="Source\check_point.h">
      <Filter>Header Files</Filter>
    </ClInclude>
    <ClInclude Include="Source\enemy_manager.h">
      <Filter>Header Files</Filter>
    </ClInclude>
    <ClInclude Include="Source\config.h">
      <Filter>Header Files</Filter>
    </ClInclude>
    <ClInclude Include="Source\misc_manager.h">
      <Filter>Header Files</Filter>
    </ClInclude>
    <ClInclude Include="Source\main_menu.h">
      <Filter>Header Files</Filter>
    </ClInclude>
    <ClInclude Include="Source\scene_manager.h">
      <Filter>Header Files</Filter>
    </ClInclude>
    <ClInclude Include="Source\scene.h">
      <Filter>Header Files</Filter>
    </ClInclude>
    <ClInclude Include="Source\game.h">
      <Filter>Header Files</Filter>
    </ClInclude>
    <ClInclude Include="Source\cutscene_manager.h">
      <Filter>Header Files</Filter>
    </ClInclude>
    <ClInclude Include="Source\cutscene.h">
      <Filter>Header Files</Filter>
    </ClInclude>
    <ClInclude Include="Source\dialogue.h">
      <Filter>Header Files</Filter>
    </ClInclude>
    <ClInclude Include="Source\grappling_point.h">
      <Filter>Header Files</Filter>
    </ClInclude>
    <ClInclude Include="Source\enemy_pyromancer.h">
      <Filter>Header Files</Filter>
    </ClInclude>
    <ClInclude Include="Source\enemy_statue.h">
      <Filter>Header Files</Filter>
    </ClInclude>
    <ClInclude Include="Source\enemy_pumpkin.h">
      <Filter>Header Files</Filter>
    </ClInclude>
    <ClInclude Include="Source\dart_trap_point.h">
      <Filter>Header Files</Filter>
    </ClInclude>
    <ClInclude Include="Source\background_object.h">
      <Filter>Header Files</Filter>
    </ClInclude>
    <ClInclude Include="Source\text_render.h">
      <Filter>Header Files</Filter>
    </ClInclude>
    <ClInclude Include="Source\tutorial_texts.h">
      <Filter>Header Files</Filter>
    </ClInclude>
    <ClInclude Include="Source\dark_mode.h">
      <Filter>Header Files</Filter>
    </ClInclude>
    <ClInclude Include="Source\hurt_block.h">
      <Filter>Header Files</Filter>
    </ClInclude>
    <ClInclude Include="Source\developer_scene.h">
      <Filter>Header Files</Filter>
    </ClInclude>
  </ItemGroup>
</Project>